
Microsoft Visual Studio Solution File, Format Version 12.00
# Visual Studio Version 17
VisualStudioVersion = 17.10.35122.118
MinimumVisualStudioVersion = 10.0.40219.1
Project("{FAE04EC0-301F-11D3-BF4B-00C04F79EFBC}") = "StaticIP", "StaticIP\StaticIP.csproj", "{BBDC6780-B2D9-4AC6-B35C-932D8B0C2AC3}"
EndProject
Global
	GlobalSection(SolutionConfigurationPlatforms) = preSolution
		Debug|Any CPU = Debug|Any CPU
		Release|Any CPU = Release|Any CPU
	EndGlobalSection
	GlobalSection(ProjectConfigurationPlatforms) = postSolution
		{BBDC6780-B2D9-4AC6-B35C-932D8B0C2AC3}.Debug|Any CPU.ActiveCfg = Debug|Any CPU
		{BBDC6780-B2D9-4AC6-B35C-932D8B0C2AC3}.Debug|Any CPU.Build.0 = Debug|Any CPU
		{BBDC6780-B2D9-4AC6-B35C-932D8B0C2AC3}.Release|Any CPU.ActiveCfg = Release|Any CPU
		{BBDC6780-B2D9-4AC6-B35C-932D8B0C2AC3}.Release|Any CPU.Build.0 = Release|Any CPU
	EndGlobalSection
	GlobalSection(SolutionProperties) = preSolution
		HideSolutionNode = FALSE
	EndGlobalSection
	GlobalSection(ExtensibilityGlobals) = postSolution
		SolutionGuid = {8901AD0D-EAFC-463C-9473-417806436642}
	EndGlobalSection
EndGlobal
